// !$*UTF8*$!
{
	archiveVersion = 1;
	classes = {
	};
	objectVersion = 46;
	objects = {

/* Begin PBXBuildFile section */
		D115E34C1F08C30700C90C28 /* AppDelegate.swift in Sources */ = {isa = PBXBuildFile; fileRef = D115E34B1F08C30700C90C28 /* AppDelegate.swift */; };
		D115E34E1F08C30700C90C28 /* ViewController.swift in Sources */ = {isa = PBXBuildFile; fileRef = D115E34D1F08C30700C90C28 /* ViewController.swift */; };
		D115E3511F08C30700C90C28 /* Main.storyboard in Resources */ = {isa = PBXBuildFile; fileRef = D115E34F1F08C30700C90C28 /* Main.storyboard */; };
		D115E3531F08C30700C90C28 /* Assets.xcassets in Resources */ = {isa = PBXBuildFile; fileRef = D115E3521F08C30700C90C28 /* Assets.xcassets */; };
		D115E3561F08C30700C90C28 /* LaunchScreen.storyboard in Resources */ = {isa = PBXBuildFile; fileRef = D115E3541F08C30700C90C28 /* LaunchScreen.storyboard */; };
		D115E3611F08C30700C90C28 /* FirstKadaiAppTests.swift in Sources */ = {isa = PBXBuildFile; fileRef = D115E3601F08C30700C90C28 /* FirstKadaiAppTests.swift */; };
		D115E36C1F08C30700C90C28 /* FirstKadaiAppUITests.swift in Sources */ = {isa = PBXBuildFile; fileRef = D115E36B1F08C30700C90C28 /* FirstKadaiAppUITests.swift */; };
/* End PBXBuildFile section */

/* Begin PBXContainerItemProxy section */
		D115E35D1F08C30700C90C28 /* PBXContainerItemProxy */ = {
			isa = PBXContainerItemProxy;
			containerPortal = D115E3401F08C30700C90C28 /* Project object */;
			proxyType = 1;
			remoteGlobalIDString = D115E3471F08C30700C90C28;
			remoteInfo = FirstKadaiApp;
		};
		D115E3681F08C30700C90C28 /* PBXContainerItemProxy */ = {
			isa = PBXContainerItemProxy;
			containerPortal = D115E3401F08C30700C90C28 /* Project object */;
			proxyType = 1;
			remoteGlobalIDString = D115E3471F08C30700C90C28;
			remoteInfo = FirstKadaiApp;
		};
/* End PBXContainerItemProxy section */

/* Begin PBXFileReference section */
		D115E3481F08C30700C90C28 /* FirstKadaiApp.app */ = {isa = PBXFileReference; explicitFileType = wrapper.application; includeInIndex = 0; path = FirstKadaiApp.app; sourceTree = BUILT_PRODUCTS_DIR; };
		D115E34B1F08C30700C90C28 /* AppDelegate.swift */ = {isa = PBXFileReference; lastKnownFileType = sourcecode.swift; path = AppDelegate.swift; sourceTree = "<group>"; };
		D115E34D1F08C30700C90C28 /* ViewController.swift */ = {isa = PBXFileReference; lastKnownFileType = sourcecode.swift; path = ViewController.swift; sourceTree = "<group>"; };
		D115E3501F08C30700C90C28 /* Base */ = {isa = PBXFileReference; lastKnownFileType = file.storyboard; name = Base; path = Base.lproj/Main.storyboard; sourceTree = "<group>"; };
		D115E3521F08C30700C90C28 /* Assets.xcassets */ = {isa = PBXFileReference; lastKnownFileType = folder.assetcatalog; path = Assets.xcassets; sourceTree = "<group>"; };
		D115E3551F08C30700C90C28 /* Base */ = {isa = PBXFileReference; lastKnownFileType = file.storyboard; name = Base; path = Base.lproj/LaunchScreen.storyboard; sourceTree = "<group>"; };
		D115E3571F08C30700C90C28 /* Info.plist */ = {isa = PBXFileReference; lastKnownFileType = text.plist.xml; path = Info.plist; sourceTree = "<group>"; };
		D115E35C1F08C30700C90C28 /* FirstKadaiAppTests.xctest */ = {isa = PBXFileReference; explicitFileType = wrapper.cfbundle; includeInIndex = 0; path = FirstKadaiAppTests.xctest; sourceTree = BUILT_PRODUCTS_DIR; };
		D115E3601F08C30700C90C28 /* FirstKadaiAppTests.swift */ = {isa = PBXFileReference; lastKnownFileType = sourcecode.swift; path = FirstKadaiAppTests.swift; sourceTree = "<group>"; };
		D115E3621F08C30700C90C28 /* Info.plist */ = {isa = PBXFileReference; lastKnownFileType = text.plist.xml; path = Info.plist; sourceTree = "<group>"; };
		D115E3671F08C30700C90C28 /* FirstKadaiAppUITests.xctest */ = {isa = PBXFileReference; explicitFileType = wrapper.cfbundle; includeInIndex = 0; path = FirstKadaiAppUITests.xctest; sourceTree = BUILT_PRODUCTS_DIR; };
		D115E36B1F08C30700C90C28 /* FirstKadaiAppUITests.swift */ = {isa = PBXFileReference; lastKnownFileType = sourcecode.swift; path = FirstKadaiAppUITests.swift; sourceTree = "<group>"; };
		D115E36D1F08C30700C90C28 /* Info.plist */ = {isa = PBXFileReference; lastKnownFileType = text.plist.xml; path = Info.plist; sourceTree = "<group>"; };
/* End PBXFileReference section */

/* Begin PBXFrameworksBuildPhase section */
		D115E3451F08C30700C90C28 /* Frameworks */ = {
			isa = PBXFrameworksBuildPhase;
			buildActionMask = 2147483647;
			files = (
			);
			runOnlyForDeploymentPostprocessing = 0;
		};
		D115E3591F08C30700C90C28 /* Frameworks */ = {
			isa = PBXFrameworksBuildPhase;
			buildActionMask = 2147483647;
			files = (
			);
			runOnlyForDeploymentPostprocessing = 0;
		};
		D115E3641F08C30700C90C28 /* Frameworks */ = {
			isa = PBXFrameworksBuildPhase;
			buildActionMask = 2147483647;
			files = (
			);
			runOnlyForDeploymentPostprocessing = 0;
		};
/* End PBXFrameworksBuildPhase section */

/* Begin PBXGroup section */
		D115E33F1F08C30700C90C28 = {
			isa = PBXGroup;
			children = (
				D115E34A1F08C30700C90C28 /* FirstKadaiApp */,
				D115E35F1F08C30700C90C28 /* FirstKadaiAppTests */,
				D115E36A1F08C30700C90C28 /* FirstKadaiAppUITests */,
				D115E3491F08C30700C90C28 /* Products */,
			);
			sourceTree = "<group>";
		};
		D115E3491F08C30700C90C28 /* Products */ = {
			isa = PBXGroup;
			children = (
				D115E3481F08C30700C90C28 /* FirstKadaiApp.app */,
				D115E35C1F08C30700C90C28 /* FirstKadaiAppTests.xctest */,
				D115E3671F08C30700C90C28 /* FirstKadaiAppUITests.xctest */,
			);
			name = Products;
			sourceTree = "<group>";
		};
		D115E34A1F08C30700C90C28 /* FirstKadaiApp */ = {
			isa = PBXGroup;
			children = (
				D115E34B1F08C30700C90C28 /* AppDelegate.swift */,
				D115E34D1F08C30700C90C28 /* ViewController.swift */,
				D115E34F1F08C30700C90C28 /* Main.storyboard */,
				D115E3521F08C30700C90C28 /* Assets.xcassets */,
				D115E3541F08C30700C90C28 /* LaunchScreen.storyboard */,
				D115E3571F08C30700C90C28 /* Info.plist */,
			);
			path = FirstKadaiApp;
			sourceTree = "<group>";
		};
		D115E35F1F08C30700C90C28 /* FirstKadaiAppTests */ = {
			isa = PBXGroup;
			children = (
				D115E3601F08C30700C90C28 /* FirstKadaiAppTests.swift */,
				D115E3621F08C30700C90C28 /* Info.plist */,
			);
			path = FirstKadaiAppTests;
			sourceTree = "<group>";
		};
		D115E36A1F08C30700C90C28 /* FirstKadaiAppUITests */ = {
			isa = PBXGroup;
			children = (
				D115E36B1F08C30700C90C28 /* FirstKadaiAppUITests.swift */,
				D115E36D1F08C30700C90C28 /* Info.plist */,
			);
			path = FirstKadaiAppUITests;
			sourceTree = "<group>";
		};
/* End PBXGroup section */

/* Begin PBXNativeTarget section */
		D115E3471F08C30700C90C28 /* FirstKadaiApp */ = {
			isa = PBXNativeTarget;
			buildConfigurationList = D115E3701F08C30800C90C28 /* Build configuration list for PBXNativeTarget "FirstKadaiApp" */;
			buildPhases = (
				D115E3441F08C30700C90C28 /* Sources */,
				D115E3451F08C30700C90C28 /* Frameworks */,
				D115E3461F08C30700C90C28 /* Resources */,
			);
			buildRules = (
			);
			dependencies = (
			);
			name = FirstKadaiApp;
			productName = FirstKadaiApp;
			productReference = D115E3481F08C30700C90C28 /* FirstKadaiApp.app */;
			productType = "com.apple.product-type.application";
		};
		D115E35B1F08C30700C90C28 /* FirstKadaiAppTests */ = {
			isa = PBXNativeTarget;
			buildConfigurationList = D115E3731F08C30800C90C28 /* Build configuration list for PBXNativeTarget "FirstKadaiAppTests" */;
			buildPhases = (
				D115E3581F08C30700C90C28 /* Sources */,
				D115E3591F08C30700C90C28 /* Frameworks */,
				D115E35A1F08C30700C90C28 /* Resources */,
			);
			buildRules = (
			);
			dependencies = (
				D115E35E1F08C30700C90C28 /* PBXTargetDependency */,
			);
			name = FirstKadaiAppTests;
			productName = FirstKadaiAppTests;
			productReference = D115E35C1F08C30700C90C28 /* FirstKadaiAppTests.xctest */;
			productType = "com.apple.product-type.bundle.unit-test";
		};
		D115E3661F08C30700C90C28 /* FirstKadaiAppUITests */ = {
			isa = PBXNativeTarget;
			buildConfigurationList = D115E3761F08C30800C90C28 /* Build configuration list for PBXNativeTarget "FirstKadaiAppUITests" */;
			buildPhases = (
				D115E3631F08C30700C90C28 /* Sources */,
				D115E3641F08C30700C90C28 /* Frameworks */,
				D115E3651F08C30700C90C28 /* Resources */,
			);
			buildRules = (
			);
			dependencies = (
				D115E3691F08C30700C90C28 /* PBXTargetDependency */,
			);
			name = FirstKadaiAppUITests;
			productName = FirstKadaiAppUITests;
			productReference = D115E3671F08C30700C90C28 /* FirstKadaiAppUITests.xctest */;
			productType = "com.apple.product-type.bundle.ui-testing";
		};
/* End PBXNativeTarget section */

/* Begin PBXProject section */
		D115E3401F08C30700C90C28 /* Project object */ = {
			isa = PBXProject;
			attributes = {
				LastSwiftUpdateCheck = 0800;
				LastUpgradeCheck = 0800;
				ORGANIZATIONNAME = "タケダ　アスカ";
				TargetAttributes = {
					D115E3471F08C30700C90C28 = {
						CreatedOnToolsVersion = 8.0;
						ProvisioningStyle = Automatic;
					};
					D115E35B1F08C30700C90C28 = {
						CreatedOnToolsVersion = 8.0;
						ProvisioningStyle = Automatic;
						TestTargetID = D115E3471F08C30700C90C28;
					};
					D115E3661F08C30700C90C28 = {
						CreatedOnToolsVersion = 8.0;
						ProvisioningStyle = Automatic;
						TestTargetID = D115E3471F08C30700C90C28;
					};
				};
			};
			buildConfigurationList = D115E3431F08C30700C90C28 /* Build configuration list for PBXProject "FirstKadaiApp" */;
			compatibilityVersion = "Xcode 3.2";
			developmentRegion = English;
			hasScannedForEncodings = 0;
			knownRegions = (
				en,
				Base,
			);
			mainGroup = D115E33F1F08C30700C90C28;
			productRefGroup = D115E3491F08C30700C90C28 /* Products */;
			projectDirPath = "";
			projectRoot = "";
			targets = (
				D115E3471F08C30700C90C28 /* FirstKadaiApp */,
				D115E35B1F08C30700C90C28 /* FirstKadaiAppTests */,
				D115E3661F08C30700C90C28 /* FirstKadaiAppUITests */,
			);
		};
/* End PBXProject section */

/* Begin PBXResourcesBuildPhase section */
		D115E3461F08C30700C90C28 /* Resources */ = {
			isa = PBXResourcesBuildPhase;
			buildActionMask = 2147483647;
			files = (
				D115E3561F08C30700C90C28 /* LaunchScreen.storyboard in Resources */,
				D115E3531F08C30700C90C28 /* Assets.xcassets in Resources */,
				D115E3511F08C30700C90C28 /* Main.storyboard in Resources */,
			);
			runOnlyForDeploymentPostprocessing = 0;
		};
		D115E35A1F08C30700C90C28 /* Resources */ = {
			isa = PBXResourcesBuildPhase;
			buildActionMask = 2147483647;
			files = (
			);
			runOnlyForDeploymentPostprocessing = 0;
		};
		D115E3651F08C30700C90C28 /* Resources */ = {
			isa = PBXResourcesBuildPhase;
			buildActionMask = 2147483647;
			files = (
			);
			runOnlyForDeploymentPostprocessing = 0;
		};
/* End PBXResourcesBuildPhase section */

/* Begin PBXSourcesBuildPhase section */
		D115E3441F08C30700C90C28 /* Sources */ = {
			isa = PBXSourcesBuildPhase;
			buildActionMask = 2147483647;
			files = (
				D115E34E1F08C30700C90C28 /* ViewController.swift in Sources */,
				D115E34C1F08C30700C90C28 /* AppDelegate.swift in Sources */,
			);
			runOnlyForDeploymentPostprocessing = 0;
		};
		D115E3581F08C30700C90C28 /* Sources */ = {
			isa = PBXSourcesBuildPhase;
			buildActionMask = 2147483647;
			files = (
				D115E3611F08C30700C90C28 /* FirstKadaiAppTests.swift in Sources */,
			);
			runOnlyForDeploymentPostprocessing = 0;
		};
		D115E3631F08C30700C90C28 /* Sources */ = {
			isa = PBXSourcesBuildPhase;
			buildActionMask = 2147483647;
			files = (
				D115E36C1F08C30700C90C28 /* FirstKadaiAppUITests.swift in Sources */,
			);
			runOnlyForDeploymentPostprocessing = 0;
		};
/* End PBXSourcesBuildPhase section */

/* Begin PBXTargetDependency section */
		D115E35E1F08C30700C90C28 /* PBXTargetDependency */ = {
			isa = PBXTargetDependency;
			target = D115E3471F08C30700C90C28 /* FirstKadaiApp */;
			targetProxy = D115E35D1F08C30700C90C28 /* PBXContainerItemProxy */;
		};
		D115E3691F08C30700C90C28 /* PBXTargetDependency */ = {
			isa = PBXTargetDependency;
			target = D115E3471F08C30700C90C28 /* FirstKadaiApp */;
			targetProxy = D115E3681F08C30700C90C28 /* PBXContainerItemProxy */;
		};
/* End PBXTargetDependency section */

/* Begin PBXVariantGroup section */
		D115E34F1F08C30700C90C28 /* Main.storyboard */ = {
			isa = PBXVariantGroup;
			children = (
				D115E3501F08C30700C90C28 /* Base */,
			);
			name = Main.storyboard;
			sourceTree = "<group>";
		};
		D115E3541F08C30700C90C28 /* LaunchScreen.storyboard */ = {
			isa = PBXVariantGroup;
			children = (
				D115E3551F08C30700C90C28 /* Base */,
			);
			name = LaunchScreen.storyboard;
			sourceTree = "<group>";
		};
/* End PBXVariantGroup section */

/* Begin XCBuildConfiguration section */
		D115E36E1F08C30800C90C28 /* Debug */ = {
			isa = XCBuildConfiguration;
			buildSettings = {
				ALWAYS_SEARCH_USER_PATHS = NO;
				CLANG_ANALYZER_NONNULL = YES;
				CLANG_CXX_LANGUAGE_STANDARD = "gnu++0x";
				CLANG_CXX_LIBRARY = "libc++";
				CLANG_ENABLE_MODULES = YES;
				CLANG_ENABLE_OBJC_ARC = YES;
				CLANG_WARN_BOOL_CONVERSION = YES;
				CLANG_WARN_CONSTANT_CONVERSION = YES;
				CLANG_WARN_DIRECT_OBJC_ISA_USAGE = YES_ERROR;
				CLANG_WARN_DOCUMENTATION_COMMENTS = YES;
				CLANG_WARN_EMPTY_BODY = YES;
				CLANG_WARN_ENUM_CONVERSION = YES;
				CLANG_WARN_INFINITE_RECURSION = YES;
				CLANG_WARN_INT_CONVERSION = YES;
				CLANG_WARN_OBJC_ROOT_CLASS = YES_ERROR;
				CLANG_WARN_SUSPICIOUS_MOVES = YES;
				CLANG_WARN_UNREACHABLE_CODE = YES;
				CLANG_WARN__DUPLICATE_METHOD_MATCH = YES;
				"CODE_SIGN_IDENTITY[sdk=iphoneos*]" = "iPhone Developer";
				COPY_PHASE_STRIP = NO;
				DEBUG_INFORMATION_FORMAT = dwarf;
				ENABLE_STRICT_OBJC_MSGSEND = YES;
				ENABLE_TESTABILITY = YES;
				GCC_C_LANGUAGE_STANDARD = gnu99;
				GCC_DYNAMIC_NO_PIC = NO;
				GCC_NO_COMMON_BLOCKS = YES;
				GCC_OPTIMIZATION_LEVEL = 0;
				GCC_PREPROCESSOR_DEFINITIONS = (
					"DEBUG=1",
					"$(inherited)",
				);
				GCC_WARN_64_TO_32_BIT_CONVERSION = YES;
				GCC_WARN_ABOUT_RETURN_TYPE = YES_ERROR;
				GCC_WARN_UNDECLARED_SELECTOR = YES;
				GCC_WARN_UNINITIALIZED_AUTOS = YES_AGGRESSIVE;
				GCC_WARN_UNUSED_FUNCTION = YES;
				GCC_WARN_UNUSED_VARIABLE = YES;
				IPHONEOS_DEPLOYMENT_TARGET = 10.0;
				MTL_ENABLE_DEBUG_INFO = YES;
				ONLY_ACTIVE_ARCH = YES;
				SDKROOT = iphoneos;
				SWIFT_ACTIVE_COMPILATION_CONDITIONS = DEBUG;
				SWIFT_OPTIMIZATION_LEVEL = "-Onone";
			};
			name = Debug;
		};
		D115E36F1F08C30800C90C28 /* Release */ = {
			isa = XCBuildConfiguration;
			buildSettings = {
				ALWAYS_SEARCH_USER_PATHS = NO;
				CLANG_ANALYZER_NONNULL = YES;
				CLANG_CXX_LANGUAGE_STANDARD = "gnu++0x";
				CLANG_CXX_LIBRARY = "libc++";
				CLANG_ENABLE_MODULES = YES;
				CLANG_ENABLE_OBJC_ARC = YES;
				CLANG_WARN_BOOL_CONVERSION = YES;
				CLANG_WARN_CONSTANT_CONVERSION = YES;
				CLANG_WARN_DIRECT_OBJC_ISA_USAGE = YES_ERROR;
				CLANG_WARN_DOCUMENTATION_COMMENTS = YES;
				CLANG_WARN_EMPTY_BODY = YES;
				CLANG_WARN_ENUM_CONVERSION = YES;
				CLANG_WARN_INFINITE_RECURSION = YES;
				CLANG_WARN_INT_CONVERSION = YES;
				CLANG_WARN_OBJC_ROOT_CLASS = YES_ERROR;
				CLANG_WARN_SUSPICIOUS_MOVES = YES;
				CLANG_WARN_UNREACHABLE_CODE = YES;
				CLANG_WARN__DUPLICATE_METHOD_MATCH = YES;
				"CODE_SIGN_IDENTITY[sdk=iphoneos*]" = "iPhone Developer";
				COPY_PHASE_STRIP = NO;
				DEBUG_INFORMATION_FORMAT = "dwarf-with-dsym";
				ENABLE_NS_ASSERTIONS = NO;
				ENABLE_STRICT_OBJC_MSGSEND = YES;
				GCC_C_LANGUAGE_STANDARD = gnu99;
				GCC_NO_COMMON_BLOCKS = YES;
				GCC_WARN_64_TO_32_BIT_CONVERSION = YES;
				GCC_WARN_ABOUT_RETURN_TYPE = YES_ERROR;
				GCC_WARN_UNDECLARED_SELECTOR = YES;
				GCC_WARN_UNINITIALIZED_AUTOS = YES_AGGRESSIVE;
				GCC_WARN_UNUSED_FUNCTION = YES;
				GCC_WARN_UNUSED_VARIABLE = YES;
				IPHONEOS_DEPLOYMENT_TARGET = 10.0;
				MTL_ENABLE_DEBUG_INFO = NO;
				SDKROOT = iphoneos;
				SWIFT_OPTIMIZATION_LEVEL = "-Owholemodule";
				VALIDATE_PRODUCT = YES;
			};
			name = Release;
		};
		D115E3711F08C30800C90C28 /* Debug */ = {
			isa = XCBuildConfiguration;
			buildSettings = {
				ASSETCATALOG_COMPILER_APPICON_NAME = AppIcon;
				INFOPLIST_FILE = FirstKadaiApp/Info.plist;
				LD_RUNPATH_SEARCH_PATHS = "$(inherited) @executable_path/Frameworks";
				PRODUCT_BUNDLE_IDENTIFIER = jp.techacademy.asuka.takeda.FirstKadaiApp;
				PRODUCT_NAME = "$(TARGET_NAME)";
				SWIFT_VERSION = 3.0;
			};
			name = Debug;
		};
		D115E3721F08C30800C90C28 /* Release */ = {
			isa = XCBuildConfiguration;
			buildSettings = {
				ASSETCATALOG_COMPILER_APPICON_NAME = AppIcon;
				INFOPLIST_FILE = FirstKadaiApp/Info.plist;
				LD_RUNPATH_SEARCH_PATHS = "$(inherited) @executable_path/Frameworks";
				PRODUCT_BUNDLE_IDENTIFIER = jp.techacademy.asuka.takeda.FirstKadaiApp;
				PRODUCT_NAME = "$(TARGET_NAME)";
				SWIFT_VERSION = 3.0;
			};
			name = Release;
		};
		D115E3741F08C30800C90C28 /* Debug */ = {
			isa = XCBuildConfiguration;
			buildSettings = {
				ALWAYS_EMBED_SWIFT_STANDARD_LIBRARIES = YES;
				BUNDLE_LOADER = "$(TEST_HOST)";
				INFOPLIST_FILE = FirstKadaiAppTests/Info.plist;
				LD_RUNPATH_SEARCH_PATHS = "$(inherited) @executable_path/Frameworks @loader_path/Frameworks";
				PRODUCT_BUNDLE_IDENTIFIER = jp.techacademy.asuka.takeda.FirstKadaiAppTests;
				PRODUCT_NAME = "$(TARGET_NAME)";
				SWIFT_VERSION = 3.0;
				TEST_HOST = "$(BUILT_PRODUCTS_DIR)/FirstKadaiApp.app/FirstKadaiApp";
			};
			name = Debug;
		};
		D115E3751F08C30800C90C28 /* Release */ = {
			isa = XCBuildConfiguration;
			buildSettings = {
				ALWAYS_EMBED_SWIFT_STANDARD_LIBRARIES = YES;
				BUNDLE_LOADER = "$(TEST_HOST)";
				INFOPLIST_FILE = FirstKadaiAppTests/Info.plist;
				LD_RUNPATH_SEARCH_PATHS = "$(inherited) @executable_path/Frameworks @loader_path/Frameworks";
				PRODUCT_BUNDLE_IDENTIFIER = jp.techacademy.asuka.takeda.FirstKadaiAppTests;
				PRODUCT_NAME = "$(TARGET_NAME)";
				SWIFT_VERSION = 3.0;
				TEST_HOST = "$(BUILT_PRODUCTS_DIR)/FirstKadaiApp.app/FirstKadaiApp";
			};
			name = Release;
		};
		D115E3771F08C30800C90C28 /* Debug */ = {
			isa = XCBuildConfiguration;
			buildSettings = {
				ALWAYS_EMBED_SWIFT_STANDARD_LIBRARIES = YES;
				INFOPLIST_FILE = FirstKadaiAppUITests/Info.plist;
				LD_RUNPATH_SEARCH_PATHS = "$(inherited) @executable_path/Frameworks @loader_path/Frameworks";
				PRODUCT_BUNDLE_IDENTIFIER = jp.techacademy.asuka.takeda.FirstKadaiAppUITests;
				PRODUCT_NAME = "$(TARGET_NAME)";
				SWIFT_VERSION = 3.0;
				TEST_TARGET_NAME = FirstKadaiApp;
			};
			name = Debug;
		};
		D115E3781F08C30800C90C28 /* Release */ = {
			isa = XCBuildConfiguration;
			buildSettings = {
				ALWAYS_EMBED_SWIFT_STANDARD_LIBRARIES = YES;
				INFOPLIST_FILE = FirstKadaiAppUITests/Info.plist;
				LD_RUNPATH_SEARCH_PATHS = "$(inherited) @executable_path/Frameworks @loader_path/Frameworks";
				PRODUCT_BUNDLE_IDENTIFIER = jp.techacademy.asuka.takeda.FirstKadaiAppUITests;
				PRODUCT_NAME = "$(TARGET_NAME)";
				SWIFT_VERSION = 3.0;
				TEST_TARGET_NAME = FirstKadaiApp;
			};
			name = Release;
		};
/* End XCBuildConfiguration section */

/* Begin XCConfigurationList section */
		D115E3431F08C30700C90C28 /* Build configuration list for PBXProject "FirstKadaiApp" */ = {
			isa = XCConfigurationList;
			buildConfigurations = (
				D115E36E1F08C30800C90C28 /* Debug */,
				D115E36F1F08C30800C90C28 /* Release */,
			);
			defaultConfigurationIsVisible = 0;
			defaultConfigurationName = Release;
		};
		D115E3701F08C30800C90C28 /* Build configuration list for PBXNativeTarget "FirstKadaiApp" */ = {
			isa = XCConfigurationList;
			buildConfigurations = (
				D115E3711F08C30800C90C28 /* Debug */,
				D115E3721F08C30800C90C28 /* Release */,
			);
			defaultConfigurationIsVisible = 0;
		};
		D115E3731F08C30800C90C28 /* Build configuration list for PBXNativeTarget "FirstKadaiAppTests" */ = {
			isa = XCConfigurationList;
			buildConfigurations = (
				D115E3741F08C30800C90C28 /* Debug */,
				D115E3751F08C30800C90C28 /* Release */,
			);
			defaultConfigurationIsVisible = 0;
		};
		D115E3761F08C30800C90C28 /* Build configuration list for PBXNativeTarget "FirstKadaiAppUITests" */ = {
			isa = XCConfigurationList;
			buildConfigurations = (
				D115E3771F08C30800C90C28 /* Debug */,
				D115E3781F08C30800C90C28 /* Release */,
			);
			defaultConfigurationIsVisible = 0;
		};
/* End XCConfigurationList section */
	};
	rootObject = D115E3401F08C30700C90C28 /* Project object */;
}
